
Microsoft Visual Studio Solution File, Format Version 12.00
# Visual Studio 15
VisualStudioVersion = 15.0.28307.902
MinimumVisualStudioVersion = 10.0.40219.1
Project("{FAE04EC0-301F-11D3-BF4B-00C04F79EFBC}") = "Sail", "Sail\Sail.csproj", "{5A46FB3F-4B47-43D1-A986-748C6054DE02}"
EndProject
Global
	GlobalSection(SolutionConfigurationPlatforms) = preSolution
		Debug|Any CPU = Debug|Any CPU
		Release|Any CPU = Release|Any CPU
	EndGlobalSection
	GlobalSection(ProjectConfigurationPlatforms) = postSolution
		{5A46FB3F-4B47-43D1-A986-748C6054DE02}.Debug|Any CPU.ActiveCfg = Debug|Any CPU
		{5A46FB3F-4B47-43D1-A986-748C6054DE02}.Debug|Any CPU.Build.0 = Debug|Any CPU
		{5A46FB3F-4B47-43D1-A986-748C6054DE02}.Release|Any CPU.ActiveCfg = Release|Any CPU
		{5A46FB3F-4B47-43D1-A986-748C6054DE02}.Release|Any CPU.Build.0 = Release|Any CPU
	EndGlobalSection
	GlobalSection(SolutionProperties) = preSolution
		HideSolutionNode = FALSE
	EndGlobalSection
	GlobalSection(ExtensibilityGlobals) = postSolution
		SolutionGuid = {98AB415D-E0D7-4BE7-B35F-D42EE8505775}
	EndGlobalSection
EndGlobal
